
Microsoft Visual Studio Solution File, Format Version 12.00
# Visual Studio Version 17
VisualStudioVersion = 17.11.35208.52
MinimumVisualStudioVersion = 10.0.40219.1
Project("{9A19103F-16F7-4668-BE54-9A1E7A4F7556}") = "ChefCSharpPidgin", "ChefCSharpPidgin.csproj", "{9DE635FC-3881-4FF5-9461-4466AAF9E45C}"
EndProject
Global
	GlobalSection(SolutionConfigurationPlatforms) = preSolution
		Debug|Any CPU = Debug|Any CPU
		Release|Any CPU = Release|Any CPU
	EndGlobalSection
	GlobalSection(ProjectConfigurationPlatforms) = postSolution
		{9DE635FC-3881-4FF5-9461-4466AAF9E45C}.Debug|Any CPU.ActiveCfg = Debug|Any CPU
		{9DE635FC-3881-4FF5-9461-4466AAF9E45C}.Debug|Any CPU.Build.0 = Debug|Any CPU
		{9DE635FC-3881-4FF5-9461-4466AAF9E45C}.Release|Any CPU.ActiveCfg = Release|Any CPU
		{9DE635FC-3881-4FF5-9461-4466AAF9E45C}.Release|Any CPU.Build.0 = Release|Any CPU
	EndGlobalSection
	GlobalSection(SolutionProperties) = preSolution
		HideSolutionNode = FALSE
	EndGlobalSection
	GlobalSection(ExtensibilityGlobals) = postSolution
		SolutionGuid = {4427F56D-3E55-47FB-B6C8-2DAC34C07688}
	EndGlobalSection
EndGlobal
